
Microsoft Visual Studio Solution File, Format Version 12.00
# Visual Studio Version 16
VisualStudioVersion = 16.0.30907.101
MinimumVisualStudioVersion = 10.0.40219.1
Project("{8BC9CEB8-8B4A-11D0-8D11-00A0C91BC942}") = "game1", "game1\game1.vcxproj", "{30DD1A87-1C64-4C34-AA17-C934C3B1F803}"
EndProject
Global
	GlobalSection(SolutionConfigurationPlatforms) = preSolution
		Debug|x64 = Debug|x64
		Debug|x86 = Debug|x86
		Release|x64 = Release|x64
		Release|x86 = Release|x86
	EndGlobalSection
	GlobalSection(ProjectConfigurationPlatforms) = postSolution
		{30DD1A87-1C64-4C34-AA17-C934C3B1F803}.Debug|x64.ActiveCfg = Debug|x64
		{30DD1A87-1C64-4C34-AA17-C934C3B1F803}.Debug|x64.Build.0 = Debug|x64
		{30DD1A87-1C64-4C34-AA17-C934C3B1F803}.Debug|x86.ActiveCfg = Debug|Win32
		{30DD1A87-1C64-4C34-AA17-C934C3B1F803}.Debug|x86.Build.0 = Debug|Win32
		{30DD1A87-1C64-4C34-AA17-C934C3B1F803}.Release|x64.ActiveCfg = Release|x64
		{30DD1A87-1C64-4C34-AA17-C934C3B1F803}.Release|x64.Build.0 = Release|x64
		{30DD1A87-1C64-4C34-AA17-C934C3B1F803}.Release|x86.ActiveCfg = Release|Win32
		{30DD1A87-1C64-4C34-AA17-C934C3B1F803}.Release|x86.Build.0 = Release|Win32
	EndGlobalSection
	GlobalSection(SolutionProperties) = preSolution
		HideSolutionNode = FALSE
	EndGlobalSection
	GlobalSection(ExtensibilityGlobals) = postSolution
		SolutionGuid = {A54B43EE-C387-4CEB-998D-D83D6C7B6ECC}
	EndGlobalSection
EndGlobal
